
Microsoft Visual Studio Solution File, Format Version 12.00
# Visual Studio Version 16
VisualStudioVersion = 16.0.31515.178
MinimumVisualStudioVersion = 10.0.40219.1
Project("{FAE04EC0-301F-11D3-BF4B-00C04F79EFBC}") = "NSModCreator", "NSModCreator\NSModCreator.csproj", "{5D354E3F-EA1A-4FCC-9228-FEFA125BCFA8}"
EndProject
Global
	GlobalSection(SolutionConfigurationPlatforms) = preSolution
		Debug|Any CPU = Debug|Any CPU
		Release|Any CPU = Release|Any CPU
	EndGlobalSection
	GlobalSection(ProjectConfigurationPlatforms) = postSolution
		{5D354E3F-EA1A-4FCC-9228-FEFA125BCFA8}.Debug|Any CPU.ActiveCfg = Debug|Any CPU
		{5D354E3F-EA1A-4FCC-9228-FEFA125BCFA8}.Debug|Any CPU.Build.0 = Debug|Any CPU
		{5D354E3F-EA1A-4FCC-9228-FEFA125BCFA8}.Release|Any CPU.ActiveCfg = Release|Any CPU
		{5D354E3F-EA1A-4FCC-9228-FEFA125BCFA8}.Release|Any CPU.Build.0 = Release|Any CPU
	EndGlobalSection
	GlobalSection(SolutionProperties) = preSolution
		HideSolutionNode = FALSE
	EndGlobalSection
	GlobalSection(ExtensibilityGlobals) = postSolution
		SolutionGuid = {DCF9DF6A-08E7-4292-B5C2-B3CCFB8B6D77}
	EndGlobalSection
EndGlobal
